
Microsoft Visual Studio Solution File, Format Version 12.00
# Visual Studio Version 16
VisualStudioVersion = 16.0.30204.135
MinimumVisualStudioVersion = 10.0.40219.1
Project("{FAE04EC0-301F-11D3-BF4B-00C04F79EFBC}") = "LocalizationDemo.ConsoleApp", "LocalizationDemo.ConsoleApp\LocalizationDemo.ConsoleApp.csproj", "{BC93D6BB-ED88-4EE9-BC72-95EFA11E4D80}"
EndProject
Global
	GlobalSection(SolutionConfigurationPlatforms) = preSolution
		Debug|Any CPU = Debug|Any CPU
		Release|Any CPU = Release|Any CPU
	EndGlobalSection
	GlobalSection(ProjectConfigurationPlatforms) = postSolution
		{BC93D6BB-ED88-4EE9-BC72-95EFA11E4D80}.Debug|Any CPU.ActiveCfg = Debug|Any CPU
		{BC93D6BB-ED88-4EE9-BC72-95EFA11E4D80}.Debug|Any CPU.Build.0 = Debug|Any CPU
		{BC93D6BB-ED88-4EE9-BC72-95EFA11E4D80}.Release|Any CPU.ActiveCfg = Release|Any CPU
		{BC93D6BB-ED88-4EE9-BC72-95EFA11E4D80}.Release|Any CPU.Build.0 = Release|Any CPU
	EndGlobalSection
	GlobalSection(SolutionProperties) = preSolution
		HideSolutionNode = FALSE
	EndGlobalSection
	GlobalSection(ExtensibilityGlobals) = postSolution
		SolutionGuid = {0299D535-F5BC-4ED8-A871-23928E161B1B}
	EndGlobalSection
EndGlobal
