
Microsoft Visual Studio Solution File, Format Version 12.00
# Visual Studio Version 16
VisualStudioVersion = 16.0.30204.135
MinimumVisualStudioVersion = 10.0.40219.1
Project("{FAE04EC0-301F-11D3-BF4B-00C04F79EFBC}") = "StackTools.LocalEventBus.ConsoleApp", "StackTools.LocalEventBus.ConsoleApp\StackTools.LocalEventBus.ConsoleApp.csproj", "{0ACE3749-8C94-4008-BB27-85DFAEAEB0C3}"
EndProject
Global
	GlobalSection(SolutionConfigurationPlatforms) = preSolution
		Debug|Any CPU = Debug|Any CPU
		Release|Any CPU = Release|Any CPU
	EndGlobalSection
	GlobalSection(ProjectConfigurationPlatforms) = postSolution
		{0ACE3749-8C94-4008-BB27-85DFAEAEB0C3}.Debug|Any CPU.ActiveCfg = Debug|Any CPU
		{0ACE3749-8C94-4008-BB27-85DFAEAEB0C3}.Debug|Any CPU.Build.0 = Debug|Any CPU
		{0ACE3749-8C94-4008-BB27-85DFAEAEB0C3}.Release|Any CPU.ActiveCfg = Release|Any CPU
		{0ACE3749-8C94-4008-BB27-85DFAEAEB0C3}.Release|Any CPU.Build.0 = Release|Any CPU
	EndGlobalSection
	GlobalSection(SolutionProperties) = preSolution
		HideSolutionNode = FALSE
	EndGlobalSection
	GlobalSection(ExtensibilityGlobals) = postSolution
		SolutionGuid = {2660B356-DD6F-46C4-9D14-645314A4BC2C}
	EndGlobalSection
EndGlobal
