
Microsoft Visual Studio Solution File, Format Version 12.00
# Visual Studio Version 16
VisualStudioVersion = 16.0.30204.135
MinimumVisualStudioVersion = 10.0.40219.1
Project("{FAE04EC0-301F-11D3-BF4B-00C04F79EFBC}") = "StackTools.AbpBackgroundWork.ConsoleApp", "StackTools.AbpBackgroundWork.ConsoleApp\StackTools.AbpBackgroundWork.ConsoleApp.csproj", "{BA61BB77-F99E-4392-A838-9B3B78CAD267}"
EndProject
Project("{FAE04EC0-301F-11D3-BF4B-00C04F79EFBC}") = "StackTools.AbpQuartzBackgroundWorker.ConsoleApp", "StackTools.AbpQuartzBackgroundWorker.ConsoleApp\StackTools.AbpQuartzBackgroundWorker.ConsoleApp.csproj", "{7E274BFD-9973-4114-B203-AED0AE8CE4DB}"
EndProject
Global
	GlobalSection(SolutionConfigurationPlatforms) = preSolution
		Debug|Any CPU = Debug|Any CPU
		Release|Any CPU = Release|Any CPU
	EndGlobalSection
	GlobalSection(ProjectConfigurationPlatforms) = postSolution
		{BA61BB77-F99E-4392-A838-9B3B78CAD267}.Debug|Any CPU.ActiveCfg = Debug|Any CPU
		{BA61BB77-F99E-4392-A838-9B3B78CAD267}.Debug|Any CPU.Build.0 = Debug|Any CPU
		{BA61BB77-F99E-4392-A838-9B3B78CAD267}.Release|Any CPU.ActiveCfg = Release|Any CPU
		{BA61BB77-F99E-4392-A838-9B3B78CAD267}.Release|Any CPU.Build.0 = Release|Any CPU
		{7E274BFD-9973-4114-B203-AED0AE8CE4DB}.Debug|Any CPU.ActiveCfg = Debug|Any CPU
		{7E274BFD-9973-4114-B203-AED0AE8CE4DB}.Debug|Any CPU.Build.0 = Debug|Any CPU
		{7E274BFD-9973-4114-B203-AED0AE8CE4DB}.Release|Any CPU.ActiveCfg = Release|Any CPU
		{7E274BFD-9973-4114-B203-AED0AE8CE4DB}.Release|Any CPU.Build.0 = Release|Any CPU
	EndGlobalSection
	GlobalSection(SolutionProperties) = preSolution
		HideSolutionNode = FALSE
	EndGlobalSection
	GlobalSection(ExtensibilityGlobals) = postSolution
		SolutionGuid = {80712A55-BD63-40C4-ADAD-3575BAFFE9C6}
	EndGlobalSection
EndGlobal
