
Microsoft Visual Studio Solution File, Format Version 12.00
# Visual Studio Version 16
VisualStudioVersion = 16.0.30204.135
MinimumVisualStudioVersion = 10.0.40219.1
Project("{FAE04EC0-301F-11D3-BF4B-00C04F79EFBC}") = "AboutModules.Demo", "AboutModules.DemoModule\AboutModules.Demo.csproj", "{D8D3DA5D-C056-49DE-9CE9-FA670FFFC9B1}"
EndProject
Project("{FAE04EC0-301F-11D3-BF4B-00C04F79EFBC}") = "AboutModules.DemoDepends", "AboutModules.DempDependentModule\AboutModules.DemoDepends.csproj", "{1B4E7DB8-E299-4AB2-A35F-0C919D4BE61D}"
EndProject
Project("{FAE04EC0-301F-11D3-BF4B-00C04F79EFBC}") = "AboutModules.ConsoleApp", "AboutModules.Console\AboutModules.ConsoleApp.csproj", "{EF1A2804-ADC1-43B5-BA73-C185F7DB23A9}"
EndProject
Global
	GlobalSection(SolutionConfigurationPlatforms) = preSolution
		Debug|Any CPU = Debug|Any CPU
		Release|Any CPU = Release|Any CPU
	EndGlobalSection
	GlobalSection(ProjectConfigurationPlatforms) = postSolution
		{D8D3DA5D-C056-49DE-9CE9-FA670FFFC9B1}.Debug|Any CPU.ActiveCfg = Debug|Any CPU
		{D8D3DA5D-C056-49DE-9CE9-FA670FFFC9B1}.Debug|Any CPU.Build.0 = Debug|Any CPU
		{D8D3DA5D-C056-49DE-9CE9-FA670FFFC9B1}.Release|Any CPU.ActiveCfg = Release|Any CPU
		{D8D3DA5D-C056-49DE-9CE9-FA670FFFC9B1}.Release|Any CPU.Build.0 = Release|Any CPU
		{1B4E7DB8-E299-4AB2-A35F-0C919D4BE61D}.Debug|Any CPU.ActiveCfg = Debug|Any CPU
		{1B4E7DB8-E299-4AB2-A35F-0C919D4BE61D}.Debug|Any CPU.Build.0 = Debug|Any CPU
		{1B4E7DB8-E299-4AB2-A35F-0C919D4BE61D}.Release|Any CPU.ActiveCfg = Release|Any CPU
		{1B4E7DB8-E299-4AB2-A35F-0C919D4BE61D}.Release|Any CPU.Build.0 = Release|Any CPU
		{EF1A2804-ADC1-43B5-BA73-C185F7DB23A9}.Debug|Any CPU.ActiveCfg = Debug|Any CPU
		{EF1A2804-ADC1-43B5-BA73-C185F7DB23A9}.Debug|Any CPU.Build.0 = Debug|Any CPU
		{EF1A2804-ADC1-43B5-BA73-C185F7DB23A9}.Release|Any CPU.ActiveCfg = Release|Any CPU
		{EF1A2804-ADC1-43B5-BA73-C185F7DB23A9}.Release|Any CPU.Build.0 = Release|Any CPU
	EndGlobalSection
	GlobalSection(SolutionProperties) = preSolution
		HideSolutionNode = FALSE
	EndGlobalSection
	GlobalSection(ExtensibilityGlobals) = postSolution
		SolutionGuid = {F99BBF92-4E65-4C4B-AE35-B73E385D2BD6}
	EndGlobalSection
EndGlobal
